
Microsoft Visual Studio Solution File, Format Version 12.00
# Visual Studio 14
VisualStudioVersion = 14.0.24720.0
MinimumVisualStudioVersion = 10.0.40219.1
Project("{2150E333-8FDC-42A3-9474-1A3956D46DE8}") = "src", "src", "{FC0F0CE4-26C8-447F-AB3E-7EE7DCF6A56D}"
EndProject
Project("{2150E333-8FDC-42A3-9474-1A3956D46DE8}") = "Solution Items", "Solution Items", "{6DD55C88-5916-440A-B11F-CEB2922C2C57}"
	ProjectSection(SolutionItems) = preProject
		global.json = global.json
	EndProjectSection
EndProject
Project("{8BB2217D-0F2D-49D1-97BC-3654ED321F3B}") = "WebApplication1", "src\WebApplication1\WebApplication1.xproj", "{BA8707E4-541F-4B88-BA24-3C45322FF5C5}"
EndProject
Global
	GlobalSection(SolutionConfigurationPlatforms) = preSolution
		Debug|Any CPU = Debug|Any CPU
		Release|Any CPU = Release|Any CPU
	EndGlobalSection
	GlobalSection(ProjectConfigurationPlatforms) = postSolution
		{BA8707E4-541F-4B88-BA24-3C45322FF5C5}.Debug|Any CPU.ActiveCfg = Debug|Any CPU
		{BA8707E4-541F-4B88-BA24-3C45322FF5C5}.Debug|Any CPU.Build.0 = Debug|Any CPU
		{BA8707E4-541F-4B88-BA24-3C45322FF5C5}.Release|Any CPU.ActiveCfg = Release|Any CPU
		{BA8707E4-541F-4B88-BA24-3C45322FF5C5}.Release|Any CPU.Build.0 = Release|Any CPU
	EndGlobalSection
	GlobalSection(SolutionProperties) = preSolution
		HideSolutionNode = FALSE
	EndGlobalSection
	GlobalSection(NestedProjects) = preSolution
		{BA8707E4-541F-4B88-BA24-3C45322FF5C5} = {FC0F0CE4-26C8-447F-AB3E-7EE7DCF6A56D}
	EndGlobalSection
EndGlobal
